
Microsoft Visual Studio Solution File, Format Version 12.00
# Visual Studio 2012
Project("{FAE04EC0-301F-11D3-BF4B-00C04F79EFBC}") = "Serialization", "Serialization.csproj", "{BE780B2E-94D0-46D6-B9FB-4FB226077AFF}"
EndProject
Project("{FAE04EC0-301F-11D3-BF4B-00C04F79EFBC}") = "Serialization.MacOS", "Serialization.MacOS\Serialization.MacOS.csproj", "{755A84E2-BEEF-4E2B-80F0-17862801F39A}"
EndProject
Global
	GlobalSection(SolutionConfigurationPlatforms) = preSolution
		Debug|Any CPU = Debug|Any CPU
		Release|Any CPU = Release|Any CPU
	EndGlobalSection
	GlobalSection(ProjectConfigurationPlatforms) = postSolution
		{BE780B2E-94D0-46D6-B9FB-4FB226077AFF}.Debug|Any CPU.ActiveCfg = Debug|Any CPU
		{BE780B2E-94D0-46D6-B9FB-4FB226077AFF}.Debug|Any CPU.Build.0 = Debug|Any CPU
		{BE780B2E-94D0-46D6-B9FB-4FB226077AFF}.Release|Any CPU.ActiveCfg = Release|Any CPU
		{BE780B2E-94D0-46D6-B9FB-4FB226077AFF}.Release|Any CPU.Build.0 = Release|Any CPU
		{755A84E2-BEEF-4E2B-80F0-17862801F39A}.Debug|Any CPU.ActiveCfg = Debug|Any CPU
		{755A84E2-BEEF-4E2B-80F0-17862801F39A}.Debug|Any CPU.Build.0 = Debug|Any CPU
		{755A84E2-BEEF-4E2B-80F0-17862801F39A}.Release|Any CPU.ActiveCfg = Release|Any CPU
		{755A84E2-BEEF-4E2B-80F0-17862801F39A}.Release|Any CPU.Build.0 = Release|Any CPU
	EndGlobalSection
EndGlobal
